
Microsoft Visual Studio Solution File, Format Version 12.00
# Visual Studio Version 17
VisualStudioVersion = 17.4.33213.308
MinimumVisualStudioVersion = 10.0.40219.1
Project("{9A19103F-16F7-4668-BE54-9A1E7A4F7556}") = "TickTick.Models", "TickTick.Models\TickTick.Models.csproj", "{4882DF0B-722B-40EB-9542-964E0C86FEDD}"
EndProject
Project("{9A19103F-16F7-4668-BE54-9A1E7A4F7556}") = "TickTick.Api", "TickTick.Api\TickTick.Api.csproj", "{C2B65F16-7F20-4FDF-B8C1-6AD89B6EEF1C}"
EndProject
Project("{FAE04EC0-301F-11D3-BF4B-00C04F79EFBC}") = "TickTick.Data", "TickTick.Data\TickTick.Data.csproj", "{98C5AB3D-B9B4-4A4E-8A1E-A6620A3B3D89}"
EndProject
Global
	GlobalSection(SolutionConfigurationPlatforms) = preSolution
		Debug|Any CPU = Debug|Any CPU
		Release|Any CPU = Release|Any CPU
	EndGlobalSection
	GlobalSection(ProjectConfigurationPlatforms) = postSolution
		{4882DF0B-722B-40EB-9542-964E0C86FEDD}.Debug|Any CPU.ActiveCfg = Debug|Any CPU
		{4882DF0B-722B-40EB-9542-964E0C86FEDD}.Debug|Any CPU.Build.0 = Debug|Any CPU
		{4882DF0B-722B-40EB-9542-964E0C86FEDD}.Release|Any CPU.ActiveCfg = Release|Any CPU
		{4882DF0B-722B-40EB-9542-964E0C86FEDD}.Release|Any CPU.Build.0 = Release|Any CPU
		{C2B65F16-7F20-4FDF-B8C1-6AD89B6EEF1C}.Debug|Any CPU.ActiveCfg = Debug|Any CPU
		{C2B65F16-7F20-4FDF-B8C1-6AD89B6EEF1C}.Debug|Any CPU.Build.0 = Debug|Any CPU
		{C2B65F16-7F20-4FDF-B8C1-6AD89B6EEF1C}.Release|Any CPU.ActiveCfg = Release|Any CPU
		{C2B65F16-7F20-4FDF-B8C1-6AD89B6EEF1C}.Release|Any CPU.Build.0 = Release|Any CPU
		{98C5AB3D-B9B4-4A4E-8A1E-A6620A3B3D89}.Debug|Any CPU.ActiveCfg = Debug|Any CPU
		{98C5AB3D-B9B4-4A4E-8A1E-A6620A3B3D89}.Debug|Any CPU.Build.0 = Debug|Any CPU
		{98C5AB3D-B9B4-4A4E-8A1E-A6620A3B3D89}.Release|Any CPU.ActiveCfg = Release|Any CPU
		{98C5AB3D-B9B4-4A4E-8A1E-A6620A3B3D89}.Release|Any CPU.Build.0 = Release|Any CPU
	EndGlobalSection
	GlobalSection(SolutionProperties) = preSolution
		HideSolutionNode = FALSE
	EndGlobalSection
	GlobalSection(ExtensibilityGlobals) = postSolution
		SolutionGuid = {843974DA-C9D9-4E4D-BB62-F4A665850D4A}
	EndGlobalSection
EndGlobal
